{
  "name": "dependabot-test",
  "version": "1.0.0",
  "lockfileVersion": 2,
  "requires": true,
  "packages": {
    "": {
      "name": "dependabot-test",
      "version": "1.0.0",
      "license": "ISC",
      "dependencies": {
        "lodash": "4.0.1",
        "react": "^18.2.0",
        "typescript": "^2.0.0"
      }
    },
    "node_modules/js-tokens": {
      "version": "4.0.0",
      "resolved": "https://registry.npmjs.org/js-tokens/-/js-tokens-4.0.0.tgz",
      "integrity": "sha512-RdJUflcE3cUzKiMqQgsCu06FPu9UdIJO0beYbPhHN4k6apgJtifcoCtT9bcxOpYBtpD2kCM6Sbzg4CausW/PKQ=="
    },
    "node_modules/lodash": {
      "version": "4.0.1",
      "resolved": "https://registry.npmjs.org/lodash/-/lodash-4.0.1.tgz",
      "integrity": "sha512-jA3EFncTLSpNOJLgZUlI7Xrsg3t/DYbgPuRVD1qbLoyUXgzUEvB0EpJimh+WBM6CUNtAyKJ1CVPD+7wE+LrraQ=="
    },
    "node_modules/loose-envify": {
      "version": "1.4.0",
      "resolved": "https://registry.npmjs.org/loose-envify/-/loose-envify-1.4.0.tgz",
      "integrity": "sha512-lyuxPGr/Wfhrlem2CL/UcnUc1zcqKAImBDzukY7Y5F/yQiNdko6+fRLevlw1HgMySw7f611UIY408EtxRSoK3Q==",
      "dependencies": {
        "js-tokens": "^3.0.0 || ^4.0.0"
      },
      "bin": {
        "loose-envify": "cli.js"
      }
    },
    "node_modules/react": {
      "version": "18.2.0",
      "resolved": "https://registry.npmjs.org/react/-/react-18.2.0.tgz",
      "integrity": "sha512-/3IjMdb2L9QbBdWiW5e3P2/npwMBaU9mHCSCUzNln0ZCYbcfTsGbTJrU/kGemdH2IWmB2ioZ+zkxtmq6g09fGQ==",
      "dependencies": {
        "loose-envify": "^1.1.0"
      },
      "engines": {
        "node": ">=0.10.0"
      }
    },
    "node_modules/typescript": {
      "version": "2.0.0",
      "resolved": "https://registry.npmjs.org/typescript/-/typescript-2.0.0.tgz",
      "integrity": "sha512-qb9m9Zbxuk5AGS0YS+sbmIUjX6Y6xka5cQw+tL0V/7CFAr/8obG2CwDxZ7Ky8CFfclL8xCTUppeqDUkyBC7dGg==",
      "bin": {
        "tsc": "bin/tsc",
        "tsserver": "bin/tsserver"
      },
      "engines": {
        "node": ">=0.8.0"
      }
    }
  },
  "dependencies": {
    "js-tokens": {
      "version": "4.0.0",
      "resolved": "https://registry.npmjs.org/js-tokens/-/js-tokens-4.0.0.tgz",
      "integrity": "sha512-RdJUflcE3cUzKiMqQgsCu06FPu9UdIJO0beYbPhHN4k6apgJtifcoCtT9bcxOpYBtpD2kCM6Sbzg4CausW/PKQ=="
    },
    "lodash": {
      "version": "4.0.1",
      "resolved": "https://registry.npmjs.org/lodash/-/lodash-4.0.1.tgz",
      "integrity": "sha512-jA3EFncTLSpNOJLgZUlI7Xrsg3t/DYbgPuRVD1qbLoyUXgzUEvB0EpJimh+WBM6CUNtAyKJ1CVPD+7wE+LrraQ=="
    },
    "loose-envify": {
      "version": "1.4.0",
      "resolved": "https://registry.npmjs.org/loose-envify/-/loose-envify-1.4.0.tgz",
      "integrity": "sha512-lyuxPGr/Wfhrlem2CL/UcnUc1zcqKAImBDzukY7Y5F/yQiNdko6+fRLevlw1HgMySw7f611UIY408EtxRSoK3Q==",
      "requires": {
        "js-tokens": "^3.0.0 || ^4.0.0"
      }
    },
    "react": {
      "version": "18.2.0",
      "resolved": "https://registry.npmjs.org/react/-/react-18.2.0.tgz",
      "integrity": "sha512-/3IjMdb2L9QbBdWiW5e3P2/npwMBaU9mHCSCUzNln0ZCYbcfTsGbTJrU/kGemdH2IWmB2ioZ+zkxtmq6g09fGQ==",
      "requires": {
        "loose-envify": "^1.1.0"
      }
    },
    "typescript": {
      "version": "2.0.0",
      "resolved": "https://registry.npmjs.org/typescript/-/typescript-2.0.0.tgz",
      "integrity": "sha512-qb9m9Zbxuk5AGS0YS+sbmIUjX6Y6xka5cQw+tL0V/7CFAr/8obG2CwDxZ7Ky8CFfclL8xCTUppeqDUkyBC7dGg=="
    }
  }
}
